github.com/BurntSushi/freetype-go v0.0.0-20160129220410-b763ddbfe298/go.mod h1:D+QujdIlUNfa0igpNMk6UIvlb6C252URs4yupRUV4lQ=
github.com/BurntSushi/graphics-go v0.0.0-20160129215708-b43f31a4a966/go.mod h1:Mid70uvE93zn9wgF92A/r5ixgnvX8Lh68fxp9KQBaI0=
github.com/BurntSushi/xgb v0.0.0-20160522181843-27f122750802/go.mod h1:IVnqGOEym/WlBOVXweHU+Q+/VP0lqqI8lqeDx9IjBqo=
github.com/BurntSushi/xgbutil v0.0.0-20160919175755-f7c97cef3b4e/go.mod h1:uw9h2sd4WWHOPdJ13MQpwK5qYWKYDumDqxWWIknEQ+k=
github.com/TheTitanrain/w32 v0.0.0-20180517000239-4f5cfb03fabf h1:FPsprx82rdrX2jiKyS17BH6IrTmUBYqZa/CXT4uvb+I=
github.com/TheTitanrain/w32 v0.0.0-20180517000239-4f5cfb03fabf/go.mod h1:peYoMncQljjNS6tZwI9WVyQB3qZS6u79/N3mBOcnd3I=
github.com/davecgh/go-spew v1.1.0 h1:ZDRjVQ15GmhC3fiQ8ni8+OwkZQO4DARzQgrnXU1Liz8=
github.com/davecgh/go-spew v1.1.0/go.mod h1:J7Y8YcW2NihsgmVo/mv3lAwl/skON4iLHjSsI+c5H38=
github.com/galaco/KeyValues v1.4.1 h1:g50MJ4Ephqe1EqG8WB2S55Zye1JFnjOsHP5TwIKM7Ao=
github.com/galaco/KeyValues v1.4.1/go.mod h1:00r0hZpLlOBIHehyWAgUngjKPoo3vCVP25BgWLwOP7E=
github.com/galaco/bsp v0.2.2 h1:BomFvMNrlG9AvtOLppfwoj1ToAYJukL0LEa8gRnjUxI=
github.com/galaco/bsp v0.2.2/go.mod h1:2T3tF0vzvY0NBPrLGe0B5EEQrbG2F0Ur+HWnaSy9YA4=
github.com/galaco/gosigl v0.1.1 h1:xos94HHctaP4Asc1quOS2KvOOhdqyj8AoxNrtM8MICk=
github.com/galaco/gosigl v0.1.1/go.mod h1:A4DaiRUW0zzrKYUk94+Ks2aXCGcgISHYM7gO1dtzPr0=
github.com/galaco/source-tools-common v0.1.0 h1:NHhsoSKL42dfFKnfRI2D/3um0tbNLVP2ZAWNoEGPMNM=
github.com/galaco/source-tools-common v0.1.0/go.mod h1:+TApRVomBN759va2qrv5GaLuCaK2AWxR0tn9oc2U73Q=
github.com/galaco/studiomodel v0.1.2 h1:y9aPGiL64hP1TEdWn2n3JaeZDFGUMet5dzmXPva15ds=
github.com/galaco/studiomodel v0.1.2/go.mod h1:8bzTjcsmb1OsLLaf2ES60avF9WfAaZtVGKUw/IXe14c=
github.com/galaco/tinygametools v0.1.0 h1:cWrd3YUd2XdBQQCOtaoNOj/hWBj3VUlX7AMZBDROYQg=
github.com/galaco/tinygametools v0.1.0/go.mod h1:uhxliQyadXV+GSlkwsQMUPv45lr61vNv1Z8N+CsDvFQ=
github.com/galaco/vmf v0.0.0-20180309175744-7a9ccb6e8abb/go.mod h1:+hpnZQBHJ5xrERgGMr6f/KO0ZkxEkrvjqr3RI9aNHes=
github.com/galaco/vmf v1.0.0 h1:7HiZS3TzgaBzbArBtN7BLdLW2ycc2t5MuK+9YaCDkns=
github.com/galaco/vmf v1.0.0/go.mod h1:+hpnZQBHJ5xrERgGMr6f/KO0ZkxEkrvjqr3RI9aNHes=
github.com/galaco/vpk2 v0.0.0-20181012095330-21e4d1f6c888 h1:QCMt6AZ5gwsJ3SNsvTULg/xjZIfmcbRWv6BBnkYNOWI=
github.com/galaco/vpk2 v0.0.0-20181012095330-21e4d1f6c888/go.mod h1:jL22XAWuUlYUmONuamxDdbDlGJhuOFkqNRPJwuBA3X8=
github.com/galaco/vtf v1.2.0 h1:bWa3H2sp25iKyLx2sQQme//hP5dV0H4mYe0V6XmVKp4=
github.com/galaco/vtf v1.2.0/go.mod h1:VV7M0uI2bOQkTScuYy/pZcH6IqXWZdH2DLx7HAAwAl8=
github.com/go-gl/gl v0.0.0-20190320180904-bf2b1f2f34d7 h1:SCYMcCJ89LjRGwEa0tRluNRiMjZHalQZrVrvTbPh+qw=
github.com/go-gl/gl v0.0.0-20190320180904-bf2b1f2f34d7/go.mod h1:482civXOzJJCPzJ4ZOX/pwvXBWSnzD4OKMdH4ClKGbk=
github.com/go-gl/glfw v0.0.0-20190409004039-e6da0acd62b1 h1:QbL/5oDUmRBzO9/Z7Seo6zf912W/a6Sr4Eu0G/3Jho0=
github.com/go-gl/glfw v0.0.0-20190409004039-e6da0acd62b1/go.mod h1:vR7hzQXu2zJy9AVAgeJqvqgH9Q5CA+iKCZ2gyEVpxRU=
github.com/go-gl/glfw v0.0.0-20191125211704-12ad95a8df72 h1:LgLYrxDRSVv3kStk6louYTP1ekZ6t7HZY/X05KUyaeM=
github.com/go-gl/glfw v0.0.0-20191125211704-12ad95a8df72/go.mod h1:vR7hzQXu2zJy9AVAgeJqvqgH9Q5CA+iKCZ2gyEVpxRU=
github.com/go-gl/mathgl v0.0.0-20180804195959-cdf14b6b8f8a h1:2n5w2v3knlspzjJWyQPC0j88Mwvq0SZV0Jdws34GJwc=
github.com/go-gl/mathgl v0.0.0-20180804195959-cdf14b6b8f8a/go.mod h1:dvrdneKbyWbK2skTda0nM4B9zSlS2GZSnjX7itr/skQ=
github.com/go-gl/mathgl v0.0.0-20190713194549-592312d8590a h1:yoAEv7yeWqfL/l9A/J5QOndXIJCldv+uuQB1DSNQbS0=
github.com/go-gl/mathgl v0.0.0-20190713194549-592312d8590a/go.mod h1:yhpkQzEiH9yPyxDUGzkmgScbaBVlhC06qodikEM0ZwQ=
github.com/golang-source-engine/filesystem v0.1.2 h1:6e+E71FSrohJlcbTNmOh1cVnPDP04/V4Gkfno/5VdGI=
github.com/golang-source-engine/filesystem v0.1.2/go.mod h1:HKc/2NsiY0wj9uRSM6s5AQIt/8J9T7qx2nITY8JBKEU=
github.com/golang-source-engine/stringtable v0.1.0 h1:jMGCA6rfByrSH5Q64I+MXg6oF6tjwO5gHP5+lhkNRt0=
github.com/golang-source-engine/stringtable v0.1.0/go.mod h1:1wsLmMF67JvlpOSe0JVmTy43io7OfvcD3AMEifKIrIA=
github.com/golang-source-engine/vmt v0.1.1 h1:yBl2XzwBhmwmpEWxEK5t7HpfL63ZTOwGcEMsA/xUrTc=
github.com/golang-source-engine/vmt v0.1.1/go.mod h1:devs1P7sA/Spthvxw8+wzuEsN3Ibadbia6n3SQQfdW8=
github.com/golang-source-engine/vmt v0.1.2 h1:T/xZw4tAnqmwQ/Na7iMQkoMYVidA/YnwcChnii1TADo=
github.com/golang-source-engine/vmt v0.1.2/go.mod h1:devs1P7sA/Spthvxw8+wzuEsN3Ibadbia6n3SQQfdW8=
github.com/gotk3/gotk3 v0.0.0-20191010201156-711c17fcaec0 h1:W3j2NfHLKn7Etm9HlqGCMpsIxk9VFpYmrh7TchldFSk=
github.com/gotk3/gotk3 v0.0.0-20191010201156-711c17fcaec0/go.mod h1:Eew3QBwAOBTrfFFDmsDE5wZWbcagBL1NUslj1GhRveo=
github.com/inkyblackness/imgui-go v1.10.0 h1:DEgLKIhFQga7ElKmwfHucphTPq8QcOOEeiW4adQCAuE=
github.com/inkyblackness/imgui-go v1.10.0/go.mod h1:Mki1fp0SBQ0dq2wkAPKjI3Zod0fgpEFsPM9cGUoCNi8=
github.com/mattn/go-gtk v0.0.0-20180216084204-5a311a1830ab/go.mod h1:PwzwfeB5syFHXORC3MtPylVcjIoTDT/9cvkKpEndGVI=
github.com/mattn/go-pointer v0.0.0-20171114154726-1d30dc4b6f28/go.mod h1:2zXcozF6qYGgmsG+SeTZz3oAbFLdD3OWqnUbNvJZAlc=
github.com/pkg/errors v0.8.1 h1:iURUrRGxPUNPdy5/HRSm+Yj6okJ6UtLINN0Q9M4+h3I=
github.com/pkg/errors v0.8.1/go.mod h1:bwawxfHBFNV+L2hUp1rHADufV3IMtnDRdf1r5NINEl0=
github.com/pmezard/go-difflib v1.0.0 h1:4DBwDE0NGyQoBHbLQYPwSUPoCMWR5BEzIk/f1lZbAQM=
github.com/pmezard/go-difflib v1.0.0/go.mod h1:iKH77koFhYxTK1pcRnkKkqfTogsbg7gZNVY4sRDYZ/4=
github.com/skelterjohn/go.wde v0.0.0-20180104102407-a0324cbf3ffe/go.mod h1:zXxNsJHeUYIqpg890APBNEn9GoCbA4Cdnvuv3mx4fBk=
github.com/sqweek/dialog v0.0.0-20190728103509-6254ed5b0d3c h1:nQyaARR8WzWW4/AoxpyPA82gJcvuZUxLxnMqVbmW50A=
github.com/sqweek/dialog v0.0.0-20190728103509-6254ed5b0d3c/go.mod h1:QSrNdZLZB8VoFPGlZ2vDuA2oNaVdhld3g0PZLc7soX8=
github.com/stretchr/objx v0.1.0/go.mod h1:HFkY916IF+rwdDfMAkV7OtwuqBVzrE8GR6GFx+wExME=
github.com/stretchr/testify v1.3.0 h1:TivCn/peBQ7UY8ooIcPgZFpTNSz0Q2U6UrFlUfqbe0Q=
github.com/stretchr/testify v1.3.0/go.mod h1:M5WIy9Dh21IEIfnGCwXGc5bZfKNJtfHm1UVUgZn+9EI=
golang.org/x/image v0.0.0-20190209060608-ef4a1470e0dc/go.mod h1:ux5Hcp/YLpHSI86hEcLt0YII63i6oz57MZXIpbrjZUs=
golang.org/x/image v0.0.0-20190321063152-3fc05d484e9f/go.mod h1:kZ7UVZpmo3dzQBMxlp+ypCbDeSB+sBbTgSJuh5dn5js=
golang.org/x/image v0.0.0-20190910094157-69e4b8554b2a h1:gHevYm0pO4QUbwy8Dmdr01R5r1BuKtfYqRqF0h/Cbh0=
golang.org/x/image v0.0.0-20190910094157-69e4b8554b2a/go.mod h1:FeLwcggjj3mMvU+oOTbSwawSJRM1uh48EjtB4UJZlP0=
golang.org/x/image v0.0.0-20191009234506-e7c1f5e7dbb8 h1:hVwzHzIUGRjiF7EcUjqNxk3NCfkPxbDKRdnNE1Rpg0U=
golang.org/x/image v0.0.0-20191009234506-e7c1f5e7dbb8/go.mod h1:FeLwcggjj3mMvU+oOTbSwawSJRM1uh48EjtB4UJZlP0=
golang.org/x/text v0.3.0/go.mod h1:NqM8EUOU14njkJ3fqMW+pc6Ldnwhi/IjpwHt7yyuwOQ=
